
Microsoft Visual Studio Solution File, Format Version 12.00
# Visual Studio Version 17
VisualStudioVersion = 17.5.002.0
MinimumVisualStudioVersion = 10.0.40219.1
Project("{9A19103F-16F7-4668-BE54-9A1E7A4F7556}") = "USTManager", "USTManager.csproj", "{3EE8422C-9D30-4626-AD89-2EC02F18F406}"
EndProject
Global
	GlobalSection(SolutionConfigurationPlatforms) = preSolution
		Debug|Any CPU = Debug|Any CPU
		Release|Any CPU = Release|Any CPU
	EndGlobalSection
	GlobalSection(ProjectConfigurationPlatforms) = postSolution
		{3EE8422C-9D30-4626-AD89-2EC02F18F406}.Debug|Any CPU.ActiveCfg = Debug|Any CPU
		{3EE8422C-9D30-4626-AD89-2EC02F18F406}.Debug|Any CPU.Build.0 = Debug|Any CPU
		{3EE8422C-9D30-4626-AD89-2EC02F18F406}.Release|Any CPU.ActiveCfg = Release|Any CPU
		{3EE8422C-9D30-4626-AD89-2EC02F18F406}.Release|Any CPU.Build.0 = Release|Any CPU
	EndGlobalSection
	GlobalSection(SolutionProperties) = preSolution
		HideSolutionNode = FALSE
	EndGlobalSection
	GlobalSection(ExtensibilityGlobals) = postSolution
		SolutionGuid = {DFEBAE0C-3BB1-40D9-8C16-C42382E9AE08}
	EndGlobalSection
EndGlobal
